
Microsoft Visual Studio Solution File, Format Version 12.00
<<<<<<< HEAD
# Visual Studio 2017
Project("{FAE04EC0-301F-11D3-BF4B-00C04F79EFBC}") = "rpg-prototype-1", "rpg-prototype-1.csproj", "{08428D3A-0D45-FC16-8D7F-BD00C7E9A8F5}"
EndProject
Project("{FAE04EC0-301F-11D3-BF4B-00C04F79EFBC}") = "rpg-prototype-1.Editor", "rpg-prototype-1.Editor.csproj", "{3E7E1B35-EA65-F2B6-E5D6-2EB28CB752A5}"
EndProject
=======
# Visual Studio 2015
Project("{FAE04EC0-301F-11D3-BF4B-00C04F79EFBC}") = "rpg-prototype-1", "rpg-prototype-1.csproj", "{08428D3A-0D45-FC16-8D7F-BD00C7E9A8F5}"
EndProject
>>>>>>> 54c5ea5826cce770abfd9615cd6bf8742913d860
Global
	GlobalSection(SolutionConfigurationPlatforms) = preSolution
		Debug|Any CPU = Debug|Any CPU
		Release|Any CPU = Release|Any CPU
	EndGlobalSection
	GlobalSection(ProjectConfigurationPlatforms) = postSolution
		{08428D3A-0D45-FC16-8D7F-BD00C7E9A8F5}.Debug|Any CPU.ActiveCfg = Debug|Any CPU
		{08428D3A-0D45-FC16-8D7F-BD00C7E9A8F5}.Debug|Any CPU.Build.0 = Debug|Any CPU
		{08428D3A-0D45-FC16-8D7F-BD00C7E9A8F5}.Release|Any CPU.ActiveCfg = Release|Any CPU
		{08428D3A-0D45-FC16-8D7F-BD00C7E9A8F5}.Release|Any CPU.Build.0 = Release|Any CPU
<<<<<<< HEAD
		{3E7E1B35-EA65-F2B6-E5D6-2EB28CB752A5}.Debug|Any CPU.ActiveCfg = Debug|Any CPU
		{3E7E1B35-EA65-F2B6-E5D6-2EB28CB752A5}.Debug|Any CPU.Build.0 = Debug|Any CPU
		{3E7E1B35-EA65-F2B6-E5D6-2EB28CB752A5}.Release|Any CPU.ActiveCfg = Release|Any CPU
		{3E7E1B35-EA65-F2B6-E5D6-2EB28CB752A5}.Release|Any CPU.Build.0 = Release|Any CPU
=======
>>>>>>> 54c5ea5826cce770abfd9615cd6bf8742913d860
	EndGlobalSection
	GlobalSection(SolutionProperties) = preSolution
		HideSolutionNode = FALSE
	EndGlobalSection
EndGlobal
